// !$*UTF8*$!
{
	archiveVersion = 1;
	classes = {
	};
	objectVersion = 56;
	objects = {

/* Begin PBXBuildFile section */
		3A9427071BDA5686CA885815 /* Pods_instagramApp_instagramAppUITests.framework in Frameworks */ = {isa = PBXBuildFile; fileRef = B3B69D1B2831EC198351679D /* Pods_instagramApp_instagramAppUITests.framework */; };
		72D464DE99099E9D8B78921C /* Pods_instagramAppTests.framework in Frameworks */ = {isa = PBXBuildFile; fileRef = 14A059C6600088D7F8D47122 /* Pods_instagramAppTests.framework */; };
		90867B334A9B06C3792ABBAC /* Pods_instagramApp.framework in Frameworks */ = {isa = PBXBuildFile; fileRef = 5894681419976511C53F7AC0 /* Pods_instagramApp.framework */; };
		E737F3D428F6015800439834 /* CameraViewController.swift in Sources */ = {isa = PBXBuildFile; fileRef = E737F3D328F6015800439834 /* CameraViewController.swift */; };
		E791719928F478FE00D740C6 /* LogInViewController.swift in Sources */ = {isa = PBXBuildFile; fileRef = E791719828F478FE00D740C6 /* LogInViewController.swift */; };
		E791719B28F4790B00D740C6 /* FeedViewController.swift in Sources */ = {isa = PBXBuildFile; fileRef = E791719A28F4790B00D740C6 /* FeedViewController.swift */; };
		E79FA95028F25A35001F8F29 /* AppDelegate.swift in Sources */ = {isa = PBXBuildFile; fileRef = E79FA94F28F25A35001F8F29 /* AppDelegate.swift */; };
		E79FA95228F25A35001F8F29 /* SceneDelegate.swift in Sources */ = {isa = PBXBuildFile; fileRef = E79FA95128F25A35001F8F29 /* SceneDelegate.swift */; };
		E79FA95728F25A35001F8F29 /* Main.storyboard in Resources */ = {isa = PBXBuildFile; fileRef = E79FA95528F25A35001F8F29 /* Main.storyboard */; };
		E79FA95928F25A3A001F8F29 /* Assets.xcassets in Resources */ = {isa = PBXBuildFile; fileRef = E79FA95828F25A3A001F8F29 /* Assets.xcassets */; };
		E79FA95C28F25A3A001F8F29 /* LaunchScreen.storyboard in Resources */ = {isa = PBXBuildFile; fileRef = E79FA95A28F25A3A001F8F29 /* LaunchScreen.storyboard */; };
		E79FA96728F25A3A001F8F29 /* instagramAppTests.swift in Sources */ = {isa = PBXBuildFile; fileRef = E79FA96628F25A3A001F8F29 /* instagramAppTests.swift */; };
		E79FA97128F25A3A001F8F29 /* instagramAppUITests.swift in Sources */ = {isa = PBXBuildFile; fileRef = E79FA97028F25A3A001F8F29 /* instagramAppUITests.swift */; };
		E79FA97328F25A3A001F8F29 /* instagramAppUITestsLaunchTests.swift in Sources */ = {isa = PBXBuildFile; fileRef = E79FA97228F25A3A001F8F29 /* instagramAppUITestsLaunchTests.swift */; };
/* End PBXBuildFile section */

/* Begin PBXContainerItemProxy section */
		E79FA96328F25A3A001F8F29 /* PBXContainerItemProxy */ = {
			isa = PBXContainerItemProxy;
			containerPortal = E79FA94428F25A35001F8F29 /* Project object */;
			proxyType = 1;
			remoteGlobalIDString = E79FA94B28F25A35001F8F29;
			remoteInfo = instagramApp;
		};
		E79FA96D28F25A3A001F8F29 /* PBXContainerItemProxy */ = {
			isa = PBXContainerItemProxy;
			containerPortal = E79FA94428F25A35001F8F29 /* Project object */;
			proxyType = 1;
			remoteGlobalIDString = E79FA94B28F25A35001F8F29;
			remoteInfo = instagramApp;
		};
/* End PBXContainerItemProxy section */

/* Begin PBXFileReference section */
		11C42177032C44E51B6FDB08 /* Pods-instagramApp-instagramAppUITests.release.xcconfig */ = {isa = PBXFileReference; includeInIndex = 1; lastKnownFileType = text.xcconfig; name = "Pods-instagramApp-instagramAppUITests.release.xcconfig"; path = "Target Support Files/Pods-instagramApp-instagramAppUITests/Pods-instagramApp-instagramAppUITests.release.xcconfig"; sourceTree = "<group>"; };
		14A059C6600088D7F8D47122 /* Pods_instagramAppTests.framework */ = {isa = PBXFileReference; explicitFileType = wrapper.framework; includeInIndex = 0; path = Pods_instagramAppTests.framework; sourceTree = BUILT_PRODUCTS_DIR; };
		36AE0088980924D2AC696C5D /* Pods-instagramApp.debug.xcconfig */ = {isa = PBXFileReference; includeInIndex = 1; lastKnownFileType = text.xcconfig; name = "Pods-instagramApp.debug.xcconfig"; path = "Target Support Files/Pods-instagramApp/Pods-instagramApp.debug.xcconfig"; sourceTree = "<group>"; };
		5894681419976511C53F7AC0 /* Pods_instagramApp.framework */ = {isa = PBXFileReference; explicitFileType = wrapper.framework; includeInIndex = 0; path = Pods_instagramApp.framework; sourceTree = BUILT_PRODUCTS_DIR; };
		808FE8EEDB2F1A665457E1B5 /* Pods-instagramApp-instagramAppUITests.debug.xcconfig */ = {isa = PBXFileReference; includeInIndex = 1; lastKnownFileType = text.xcconfig; name = "Pods-instagramApp-instagramAppUITests.debug.xcconfig"; path = "Target Support Files/Pods-instagramApp-instagramAppUITests/Pods-instagramApp-instagramAppUITests.debug.xcconfig"; sourceTree = "<group>"; };
		B3B69D1B2831EC198351679D /* Pods_instagramApp_instagramAppUITests.framework */ = {isa = PBXFileReference; explicitFileType = wrapper.framework; includeInIndex = 0; path = Pods_instagramApp_instagramAppUITests.framework; sourceTree = BUILT_PRODUCTS_DIR; };
		B69525DFF2C40C7DA3DB0260 /* Pods-instagramAppTests.debug.xcconfig */ = {isa = PBXFileReference; includeInIndex = 1; lastKnownFileType = text.xcconfig; name = "Pods-instagramAppTests.debug.xcconfig"; path = "Target Support Files/Pods-instagramAppTests/Pods-instagramAppTests.debug.xcconfig"; sourceTree = "<group>"; };
		BDC67DCB57F76B541865B505 /* Pods-instagramApp.release.xcconfig */ = {isa = PBXFileReference; includeInIndex = 1; lastKnownFileType = text.xcconfig; name = "Pods-instagramApp.release.xcconfig"; path = "Target Support Files/Pods-instagramApp/Pods-instagramApp.release.xcconfig"; sourceTree = "<group>"; };
		C7094C45587AE9F2A0A5FAA3 /* Pods-instagramAppTests.release.xcconfig */ = {isa = PBXFileReference; includeInIndex = 1; lastKnownFileType = text.xcconfig; name = "Pods-instagramAppTests.release.xcconfig"; path = "Target Support Files/Pods-instagramAppTests/Pods-instagramAppTests.release.xcconfig"; sourceTree = "<group>"; };
		E737F3D328F6015800439834 /* CameraViewController.swift */ = {isa = PBXFileReference; lastKnownFileType = sourcecode.swift; path = CameraViewController.swift; sourceTree = "<group>"; };
		E791719828F478FE00D740C6 /* LogInViewController.swift */ = {isa = PBXFileReference; lastKnownFileType = sourcecode.swift; path = LogInViewController.swift; sourceTree = "<group>"; };
		E791719A28F4790B00D740C6 /* FeedViewController.swift */ = {isa = PBXFileReference; lastKnownFileType = sourcecode.swift; path = FeedViewController.swift; sourceTree = "<group>"; };
		E79FA94C28F25A35001F8F29 /* instagramApp.app */ = {isa = PBXFileReference; explicitFileType = wrapper.application; includeInIndex = 0; path = instagramApp.app; sourceTree = BUILT_PRODUCTS_DIR; };
		E79FA94F28F25A35001F8F29 /* AppDelegate.swift */ = {isa = PBXFileReference; lastKnownFileType = sourcecode.swift; path = AppDelegate.swift; sourceTree = "<group>"; };
		E79FA95128F25A35001F8F29 /* SceneDelegate.swift */ = {isa = PBXFileReference; lastKnownFileType = sourcecode.swift; path = SceneDelegate.swift; sourceTree = "<group>"; };
		E79FA95628F25A35001F8F29 /* Base */ = {isa = PBXFileReference; lastKnownFileType = file.storyboard; name = Base; path = Base.lproj/Main.storyboard; sourceTree = "<group>"; };
		E79FA95828F25A3A001F8F29 /* Assets.xcassets */ = {isa = PBXFileReference; lastKnownFileType = folder.assetcatalog; path = Assets.xcassets; sourceTree = "<group>"; };
		E79FA95B28F25A3A001F8F29 /* Base */ = {isa = PBXFileReference; lastKnownFileType = file.storyboard; name = Base; path = Base.lproj/LaunchScreen.storyboard; sourceTree = "<group>"; };
		E79FA95D28F25A3A001F8F29 /* Info.plist */ = {isa = PBXFileReference; lastKnownFileType = text.plist.xml; path = Info.plist; sourceTree = "<group>"; };
		E79FA96228F25A3A001F8F29 /* instagramAppTests.xctest */ = {isa = PBXFileReference; explicitFileType = wrapper.cfbundle; includeInIndex = 0; path = instagramAppTests.xctest; sourceTree = BUILT_PRODUCTS_DIR; };
		E79FA96628F25A3A001F8F29 /* instagramAppTests.swift */ = {isa = PBXFileReference; lastKnownFileType = sourcecode.swift; path = instagramAppTests.swift; sourceTree = "<group>"; };
		E79FA96C28F25A3A001F8F29 /* instagramAppUITests.xctest */ = {isa = PBXFileReference; explicitFileType = wrapper.cfbundle; includeInIndex = 0; path = instagramAppUITests.xctest; sourceTree = BUILT_PRODUCTS_DIR; };
		E79FA97028F25A3A001F8F29 /* instagramAppUITests.swift */ = {isa = PBXFileReference; lastKnownFileType = sourcecode.swift; path = instagramAppUITests.swift; sourceTree = "<group>"; };
		E79FA97228F25A3A001F8F29 /* instagramAppUITestsLaunchTests.swift */ = {isa = PBXFileReference; lastKnownFileType = sourcecode.swift; path = instagramAppUITestsLaunchTests.swift; sourceTree = "<group>"; };
/* End PBXFileReference section */

/* Begin PBXFrameworksBuildPhase section */
		E79FA94928F25A35001F8F29 /* Frameworks */ = {
			isa = PBXFrameworksBuildPhase;
			buildActionMask = 2147483647;
			files = (
				90867B334A9B06C3792ABBAC /* Pods_instagramApp.framework in Frameworks */,
			);
			runOnlyForDeploymentPostprocessing = 0;
		};
		E79FA95F28F25A3A001F8F29 /* Frameworks */ = {
			isa = PBXFrameworksBuildPhase;
			buildActionMask = 2147483647;
			files = (
				72D464DE99099E9D8B78921C /* Pods_instagramAppTests.framework in Frameworks */,
			);
			runOnlyForDeploymentPostprocessing = 0;
		};
		E79FA96928F25A3A001F8F29 /* Frameworks */ = {
			isa = PBXFrameworksBuildPhase;
			buildActionMask = 2147483647;
			files = (
				3A9427071BDA5686CA885815 /* Pods_instagramApp_instagramAppUITests.framework in Frameworks */,
			);
			runOnlyForDeploymentPostprocessing = 0;
		};
/* End PBXFrameworksBuildPhase section */

/* Begin PBXGroup section */
		7A9E028FBC0DC9F64D2D12CB /* Pods */ = {
			isa = PBXGroup;
			children = (
				36AE0088980924D2AC696C5D /* Pods-instagramApp.debug.xcconfig */,
				BDC67DCB57F76B541865B505 /* Pods-instagramApp.release.xcconfig */,
				808FE8EEDB2F1A665457E1B5 /* Pods-instagramApp-instagramAppUITests.debug.xcconfig */,
				11C42177032C44E51B6FDB08 /* Pods-instagramApp-instagramAppUITests.release.xcconfig */,
				B69525DFF2C40C7DA3DB0260 /* Pods-instagramAppTests.debug.xcconfig */,
				C7094C45587AE9F2A0A5FAA3 /* Pods-instagramAppTests.release.xcconfig */,
			);
			path = Pods;
			sourceTree = "<group>";
		};
		E737F3D228F6014200439834 /* Controllers */ = {
			isa = PBXGroup;
			children = (
				E791719A28F4790B00D740C6 /* FeedViewController.swift */,
				E791719828F478FE00D740C6 /* LogInViewController.swift */,
				E737F3D328F6015800439834 /* CameraViewController.swift */,
			);
			path = Controllers;
			sourceTree = "<group>";
		};
		E79FA94328F25A35001F8F29 = {
			isa = PBXGroup;
			children = (
				E79FA94E28F25A35001F8F29 /* instagramApp */,
				E79FA96528F25A3A001F8F29 /* instagramAppTests */,
				E79FA96F28F25A3A001F8F29 /* instagramAppUITests */,
				E79FA94D28F25A35001F8F29 /* Products */,
				7A9E028FBC0DC9F64D2D12CB /* Pods */,
				EE429B3B217D3E1BE9D1A547 /* Frameworks */,
			);
			sourceTree = "<group>";
		};
		E79FA94D28F25A35001F8F29 /* Products */ = {
			isa = PBXGroup;
			children = (
				E79FA94C28F25A35001F8F29 /* instagramApp.app */,
				E79FA96228F25A3A001F8F29 /* instagramAppTests.xctest */,
				E79FA96C28F25A3A001F8F29 /* instagramAppUITests.xctest */,
			);
			name = Products;
			sourceTree = "<group>";
		};
		E79FA94E28F25A35001F8F29 /* instagramApp */ = {
			isa = PBXGroup;
			children = (
				E737F3D228F6014200439834 /* Controllers */,
				E79FA94F28F25A35001F8F29 /* AppDelegate.swift */,
				E79FA95128F25A35001F8F29 /* SceneDelegate.swift */,
				E79FA95528F25A35001F8F29 /* Main.storyboard */,
				E79FA95828F25A3A001F8F29 /* Assets.xcassets */,
				E79FA95A28F25A3A001F8F29 /* LaunchScreen.storyboard */,
				E79FA95D28F25A3A001F8F29 /* Info.plist */,
			);
			path = instagramApp;
			sourceTree = "<group>";
		};
		E79FA96528F25A3A001F8F29 /* instagramAppTests */ = {
			isa = PBXGroup;
			children = (
				E79FA96628F25A3A001F8F29 /* instagramAppTests.swift */,
			);
			path = instagramAppTests;
			sourceTree = "<group>";
		};
		E79FA96F28F25A3A001F8F29 /* instagramAppUITests */ = {
			isa = PBXGroup;
			children = (
				E79FA97028F25A3A001F8F29 /* instagramAppUITests.swift */,
				E79FA97228F25A3A001F8F29 /* instagramAppUITestsLaunchTests.swift */,
			);
			path = instagramAppUITests;
			sourceTree = "<group>";
		};
		EE429B3B217D3E1BE9D1A547 /* Frameworks */ = {
			isa = PBXGroup;
			children = (
				5894681419976511C53F7AC0 /* Pods_instagramApp.framework */,
				B3B69D1B2831EC198351679D /* Pods_instagramApp_instagramAppUITests.framework */,
				14A059C6600088D7F8D47122 /* Pods_instagramAppTests.framework */,
			);
			name = Frameworks;
			sourceTree = "<group>";
		};
/* End PBXGroup section */

/* Begin PBXNativeTarget section */
		E79FA94B28F25A35001F8F29 /* instagramApp */ = {
			isa = PBXNativeTarget;
			buildConfigurationList = E79FA97628F25A3A001F8F29 /* Build configuration list for PBXNativeTarget "instagramApp" */;
			buildPhases = (
				311F8A2A755C01770F47C52D /* [CP] Check Pods Manifest.lock */,
				E79FA94828F25A35001F8F29 /* Sources */,
				E79FA94928F25A35001F8F29 /* Frameworks */,
				E79FA94A28F25A35001F8F29 /* Resources */,
				D8CBF9E4586B0384A27FB732 /* [CP] Embed Pods Frameworks */,
			);
			buildRules = (
			);
			dependencies = (
			);
			name = instagramApp;
			productName = instagramApp;
			productReference = E79FA94C28F25A35001F8F29 /* instagramApp.app */;
			productType = "com.apple.product-type.application";
		};
		E79FA96128F25A3A001F8F29 /* instagramAppTests */ = {
			isa = PBXNativeTarget;
			buildConfigurationList = E79FA97928F25A3A001F8F29 /* Build configuration list for PBXNativeTarget "instagramAppTests" */;
			buildPhases = (
				264E84C65A7C7911D9BC8732 /* [CP] Check Pods Manifest.lock */,
				E79FA95E28F25A3A001F8F29 /* Sources */,
				E79FA95F28F25A3A001F8F29 /* Frameworks */,
				E79FA96028F25A3A001F8F29 /* Resources */,
			);
			buildRules = (
			);
			dependencies = (
				E79FA96428F25A3A001F8F29 /* PBXTargetDependency */,
			);
			name = instagramAppTests;
			productName = instagramAppTests;
			productReference = E79FA96228F25A3A001F8F29 /* instagramAppTests.xctest */;
			productType = "com.apple.product-type.bundle.unit-test";
		};
		E79FA96B28F25A3A001F8F29 /* instagramAppUITests */ = {
			isa = PBXNativeTarget;
			buildConfigurationList = E79FA97C28F25A3A001F8F29 /* Build configuration list for PBXNativeTarget "instagramAppUITests" */;
			buildPhases = (
				B5A6A35141CF2C645A45D24D /* [CP] Check Pods Manifest.lock */,
				E79FA96828F25A3A001F8F29 /* Sources */,
				E79FA96928F25A3A001F8F29 /* Frameworks */,
				E79FA96A28F25A3A001F8F29 /* Resources */,
				820F0383CBDFD79AF5D21E6B /* [CP] Embed Pods Frameworks */,
			);
			buildRules = (
			);
			dependencies = (
				E79FA96E28F25A3A001F8F29 /* PBXTargetDependency */,
			);
			name = instagramAppUITests;
			productName = instagramAppUITests;
			productReference = E79FA96C28F25A3A001F8F29 /* instagramAppUITests.xctest */;
			productType = "com.apple.product-type.bundle.ui-testing";
		};
/* End PBXNativeTarget section */

/* Begin PBXProject section */
		E79FA94428F25A35001F8F29 /* Project object */ = {
			isa = PBXProject;
			attributes = {
				BuildIndependentTargetsInParallel = 1;
				LastSwiftUpdateCheck = 1400;
				LastUpgradeCheck = 1400;
				TargetAttributes = {
					E79FA94B28F25A35001F8F29 = {
						CreatedOnToolsVersion = 14.0.1;
					};
					E79FA96128F25A3A001F8F29 = {
						CreatedOnToolsVersion = 14.0.1;
						TestTargetID = E79FA94B28F25A35001F8F29;
					};
					E79FA96B28F25A3A001F8F29 = {
						CreatedOnToolsVersion = 14.0.1;
						TestTargetID = E79FA94B28F25A35001F8F29;
					};
				};
			};
			buildConfigurationList = E79FA94728F25A35001F8F29 /* Build configuration list for PBXProject "instagramApp" */;
			compatibilityVersion = "Xcode 14.0";
			developmentRegion = en;
			hasScannedForEncodings = 0;
			knownRegions = (
				en,
				Base,
			);
			mainGroup = E79FA94328F25A35001F8F29;
			productRefGroup = E79FA94D28F25A35001F8F29 /* Products */;
			projectDirPath = "";
			projectRoot = "";
			targets = (
				E79FA94B28F25A35001F8F29 /* instagramApp */,
				E79FA96128F25A3A001F8F29 /* instagramAppTests */,
				E79FA96B28F25A3A001F8F29 /* instagramAppUITests */,
			);
		};
/* End PBXProject section */

/* Begin PBXResourcesBuildPhase section */
		E79FA94A28F25A35001F8F29 /* Resources */ = {
			isa = PBXResourcesBuildPhase;
			buildActionMask = 2147483647;
			files = (
				E79FA95C28F25A3A001F8F29 /* LaunchScreen.storyboard in Resources */,
				E79FA95928F25A3A001F8F29 /* Assets.xcassets in Resources */,
				E79FA95728F25A35001F8F29 /* Main.storyboard in Resources */,
			);
			runOnlyForDeploymentPostprocessing = 0;
		};
		E79FA96028F25A3A001F8F29 /* Resources */ = {
			isa = PBXResourcesBuildPhase;
			buildActionMask = 2147483647;
			files = (
			);
			runOnlyForDeploymentPostprocessing = 0;
		};
		E79FA96A28F25A3A001F8F29 /* Resources */ = {
			isa = PBXResourcesBuildPhase;
			buildActionMask = 2147483647;
			files = (
			);
			runOnlyForDeploymentPostprocessing = 0;
		};
/* End PBXResourcesBuildPhase section */

/* Begin PBXShellScriptBuildPhase section */
		264E84C65A7C7911D9BC8732 /* [CP] Check Pods Manifest.lock */ = {
			isa = PBXShellScriptBuildPhase;
			buildActionMask = 2147483647;
			files = (
			);
			inputFileListPaths = (
			);
			inputPaths = (
				"${PODS_PODFILE_DIR_PATH}/Podfile.lock",
				"${PODS_ROOT}/Manifest.lock",
			);
			name = "[CP] Check Pods Manifest.lock";
			outputFileListPaths = (
			);
			outputPaths = (
				"$(DERIVED_FILE_DIR)/Pods-instagramAppTests-checkManifestLockResult.txt",
			);
			runOnlyForDeploymentPostprocessing = 0;
			shellPath = /bin/sh;
			shellScript = "diff \"${PODS_PODFILE_DIR_PATH}/Podfile.lock\" \"${PODS_ROOT}/Manifest.lock\" > /dev/null\nif [ $? != 0 ] ; then\n    # print error to STDERR\n    echo \"error: The sandbox is not in sync with the Podfile.lock. Run 'pod install' or update your CocoaPods installation.\" >&2\n    exit 1\nfi\n# This output is used by Xcode 'outputs' to avoid re-running this script phase.\necho \"SUCCESS\" > \"${SCRIPT_OUTPUT_FILE_0}\"\n";
			showEnvVarsInLog = 0;
		};
		311F8A2A755C01770F47C52D /* [CP] Check Pods Manifest.lock */ = {
			isa = PBXShellScriptBuildPhase;
			buildActionMask = 2147483647;
			files = (
			);
			inputFileListPaths = (
			);
			inputPaths = (
				"${PODS_PODFILE_DIR_PATH}/Podfile.lock",
				"${PODS_ROOT}/Manifest.lock",
			);
			name = "[CP] Check Pods Manifest.lock";
			outputFileListPaths = (
			);
			outputPaths = (
				"$(DERIVED_FILE_DIR)/Pods-instagramApp-checkManifestLockResult.txt",
			);
			runOnlyForDeploymentPostprocessing = 0;
			shellPath = /bin/sh;
			shellScript = "diff \"${PODS_PODFILE_DIR_PATH}/Podfile.lock\" \"${PODS_ROOT}/Manifest.lock\" > /dev/null\nif [ $? != 0 ] ; then\n    # print error to STDERR\n    echo \"error: The sandbox is not in sync with the Podfile.lock. Run 'pod install' or update your CocoaPods installation.\" >&2\n    exit 1\nfi\n# This output is used by Xcode 'outputs' to avoid re-running this script phase.\necho \"SUCCESS\" > \"${SCRIPT_OUTPUT_FILE_0}\"\n";
			showEnvVarsInLog = 0;
		};
		820F0383CBDFD79AF5D21E6B /* [CP] Embed Pods Frameworks */ = {
			isa = PBXShellScriptBuildPhase;
			buildActionMask = 2147483647;
			files = (
			);
			inputFileListPaths = (
				"${PODS_ROOT}/Target Support Files/Pods-instagramApp-instagramAppUITests/Pods-instagramApp-instagramAppUITests-frameworks-${CONFIGURATION}-input-files.xcfilelist",
			);
			name = "[CP] Embed Pods Frameworks";
			outputFileListPaths = (
				"${PODS_ROOT}/Target Support Files/Pods-instagramApp-instagramAppUITests/Pods-instagramApp-instagramAppUITests-frameworks-${CONFIGURATION}-output-files.xcfilelist",
			);
			runOnlyForDeploymentPostprocessing = 0;
			shellPath = /bin/sh;
			shellScript = "\"${PODS_ROOT}/Target Support Files/Pods-instagramApp-instagramAppUITests/Pods-instagramApp-instagramAppUITests-frameworks.sh\"\n";
			showEnvVarsInLog = 0;
		};
		B5A6A35141CF2C645A45D24D /* [CP] Check Pods Manifest.lock */ = {
			isa = PBXShellScriptBuildPhase;
			buildActionMask = 2147483647;
			files = (
			);
			inputFileListPaths = (
			);
			inputPaths = (
				"${PODS_PODFILE_DIR_PATH}/Podfile.lock",
				"${PODS_ROOT}/Manifest.lock",
			);
			name = "[CP] Check Pods Manifest.lock";
			outputFileListPaths = (
			);
			outputPaths = (
				"$(DERIVED_FILE_DIR)/Pods-instagramApp-instagramAppUITests-checkManifestLockResult.txt",
			);
			runOnlyForDeploymentPostprocessing = 0;
			shellPath = /bin/sh;
			shellScript = "diff \"${PODS_PODFILE_DIR_PATH}/Podfile.lock\" \"${PODS_ROOT}/Manifest.lock\" > /dev/null\nif [ $? != 0 ] ; then\n    # print error to STDERR\n    echo \"error: The sandbox is not in sync with the Podfile.lock. Run 'pod install' or update your CocoaPods installation.\" >&2\n    exit 1\nfi\n# This output is used by Xcode 'outputs' to avoid re-running this script phase.\necho \"SUCCESS\" > \"${SCRIPT_OUTPUT_FILE_0}\"\n";
			showEnvVarsInLog = 0;
		};
		D8CBF9E4586B0384A27FB732 /* [CP] Embed Pods Frameworks */ = {
			isa = PBXShellScriptBuildPhase;
			buildActionMask = 2147483647;
			files = (
			);
			inputFileListPaths = (
				"${PODS_ROOT}/Target Support Files/Pods-instagramApp/Pods-instagramApp-frameworks-${CONFIGURATION}-input-files.xcfilelist",
			);
			name = "[CP] Embed Pods Frameworks";
			outputFileListPaths = (
				"${PODS_ROOT}/Target Support Files/Pods-instagramApp/Pods-instagramApp-frameworks-${CONFIGURATION}-output-files.xcfilelist",
			);
			runOnlyForDeploymentPostprocessing = 0;
			shellPath = /bin/sh;
			shellScript = "\"${PODS_ROOT}/Target Support Files/Pods-instagramApp/Pods-instagramApp-frameworks.sh\"\n";
			showEnvVarsInLog = 0;
		};
/* End PBXShellScriptBuildPhase section */

/* Begin PBXSourcesBuildPhase section */
		E79FA94828F25A35001F8F29 /* Sources */ = {
			isa = PBXSourcesBuildPhase;
			buildActionMask = 2147483647;
			files = (
				E79FA95028F25A35001F8F29 /* AppDelegate.swift in Sources */,
				E737F3D428F6015800439834 /* CameraViewController.swift in Sources */,
				E79FA95228F25A35001F8F29 /* SceneDelegate.swift in Sources */,
				E791719B28F4790B00D740C6 /* FeedViewController.swift in Sources */,
				E791719928F478FE00D740C6 /* LogInViewController.swift in Sources */,
			);
			runOnlyForDeploymentPostprocessing = 0;
		};
		E79FA95E28F25A3A001F8F29 /* Sources */ = {
			isa = PBXSourcesBuildPhase;
			buildActionMask = 2147483647;
			files = (
				E79FA96728F25A3A001F8F29 /* instagramAppTests.swift in Sources */,
			);
			runOnlyForDeploymentPostprocessing = 0;
		};
		E79FA96828F25A3A001F8F29 /* Sources */ = {
			isa = PBXSourcesBuildPhase;
			buildActionMask = 2147483647;
			files = (
				E79FA97128F25A3A001F8F29 /* instagramAppUITests.swift in Sources */,
				E79FA97328F25A3A001F8F29 /* instagramAppUITestsLaunchTests.swift in Sources */,
			);
			runOnlyForDeploymentPostprocessing = 0;
		};
/* End PBXSourcesBuildPhase section */

/* Begin PBXTargetDependency section */
		E79FA96428F25A3A001F8F29 /* PBXTargetDependency */ = {
			isa = PBXTargetDependency;
			target = E79FA94B28F25A35001F8F29 /* instagramApp */;
			targetProxy = E79FA96328F25A3A001F8F29 /* PBXContainerItemProxy */;
		};
		E79FA96E28F25A3A001F8F29 /* PBXTargetDependency */ = {
			isa = PBXTargetDependency;
			target = E79FA94B28F25A35001F8F29 /* instagramApp */;
			targetProxy = E79FA96D28F25A3A001F8F29 /* PBXContainerItemProxy */;
		};
/* End PBXTargetDependency section */

/* Begin PBXVariantGroup section */
		E79FA95528F25A35001F8F29 /* Main.storyboard */ = {
			isa = PBXVariantGroup;
			children = (
				E79FA95628F25A35001F8F29 /* Base */,
			);
			name = Main.storyboard;
			sourceTree = "<group>";
		};
		E79FA95A28F25A3A001F8F29 /* LaunchScreen.storyboard */ = {
			isa = PBXVariantGroup;
			children = (
				E79FA95B28F25A3A001F8F29 /* Base */,
			);
			name = LaunchScreen.storyboard;
			sourceTree = "<group>";
		};
/* End PBXVariantGroup section */

/* Begin XCBuildConfiguration section */
		E79FA97428F25A3A001F8F29 /* Debug */ = {
			isa = XCBuildConfiguration;
			buildSettings = {
				ALWAYS_SEARCH_USER_PATHS = NO;
				CLANG_ANALYZER_NONNULL = YES;
				CLANG_ANALYZER_NUMBER_OBJECT_CONVERSION = YES_AGGRESSIVE;
				CLANG_CXX_LANGUAGE_STANDARD = "gnu++20";
				CLANG_ENABLE_MODULES = YES;
				CLANG_ENABLE_OBJC_ARC = YES;
				CLANG_ENABLE_OBJC_WEAK = YES;
				CLANG_WARN_BLOCK_CAPTURE_AUTORELEASING = YES;
				CLANG_WARN_BOOL_CONVERSION = YES;
				CLANG_WARN_COMMA = YES;
				CLANG_WARN_CONSTANT_CONVERSION = YES;
				CLANG_WARN_DEPRECATED_OBJC_IMPLEMENTATIONS = YES;
				CLANG_WARN_DIRECT_OBJC_ISA_USAGE = YES_ERROR;
				CLANG_WARN_DOCUMENTATION_COMMENTS = YES;
				CLANG_WARN_EMPTY_BODY = YES;
				CLANG_WARN_ENUM_CONVERSION = YES;
				CLANG_WARN_INFINITE_RECURSION = YES;
				CLANG_WARN_INT_CONVERSION = YES;
				CLANG_WARN_NON_LITERAL_NULL_CONVERSION = YES;
				CLANG_WARN_OBJC_IMPLICIT_RETAIN_SELF = YES;
				CLANG_WARN_OBJC_LITERAL_CONVERSION = YES;
				CLANG_WARN_OBJC_ROOT_CLASS = YES_ERROR;
				CLANG_WARN_QUOTED_INCLUDE_IN_FRAMEWORK_HEADER = YES;
				CLANG_WARN_RANGE_LOOP_ANALYSIS = YES;
				CLANG_WARN_STRICT_PROTOTYPES = YES;
				CLANG_WARN_SUSPICIOUS_MOVE = YES;
				CLANG_WARN_UNGUARDED_AVAILABILITY = YES_AGGRESSIVE;
				CLANG_WARN_UNREACHABLE_CODE = YES;
				CLANG_WARN__DUPLICATE_METHOD_MATCH = YES;
				COPY_PHASE_STRIP = NO;
				DEBUG_INFORMATION_FORMAT = dwarf;
				ENABLE_STRICT_OBJC_MSGSEND = YES;
				ENABLE_TESTABILITY = YES;
				GCC_C_LANGUAGE_STANDARD = gnu11;
				GCC_DYNAMIC_NO_PIC = NO;
				GCC_NO_COMMON_BLOCKS = YES;
				GCC_OPTIMIZATION_LEVEL = 0;
				GCC_PREPROCESSOR_DEFINITIONS = (
					"DEBUG=1",
					"$(inherited)",
				);
				GCC_WARN_64_TO_32_BIT_CONVERSION = YES;
				GCC_WARN_ABOUT_RETURN_TYPE = YES_ERROR;
				GCC_WARN_UNDECLARED_SELECTOR = YES;
				GCC_WARN_UNINITIALIZED_AUTOS = YES_AGGRESSIVE;
				GCC_WARN_UNUSED_FUNCTION = YES;
				GCC_WARN_UNUSED_VARIABLE = YES;
				IPHONEOS_DEPLOYMENT_TARGET = 16.0;
				MTL_ENABLE_DEBUG_INFO = INCLUDE_SOURCE;
				MTL_FAST_MATH = YES;
				ONLY_ACTIVE_ARCH = YES;
				SDKROOT = iphoneos;
				SWIFT_ACTIVE_COMPILATION_CONDITIONS = DEBUG;
				SWIFT_OPTIMIZATION_LEVEL = "-Onone";
			};
			name = Debug;
		};
		E79FA97528F25A3A001F8F29 /* Release */ = {
			isa = XCBuildConfiguration;
			buildSettings = {
				ALWAYS_SEARCH_USER_PATHS = NO;
				CLANG_ANALYZER_NONNULL = YES;
				CLANG_ANALYZER_NUMBER_OBJECT_CONVERSION = YES_AGGRESSIVE;
				CLANG_CXX_LANGUAGE_STANDARD = "gnu++20";
				CLANG_ENABLE_MODULES = YES;
				CLANG_ENABLE_OBJC_ARC = YES;
				CLANG_ENABLE_OBJC_WEAK = YES;
				CLANG_WARN_BLOCK_CAPTURE_AUTORELEASING = YES;
				CLANG_WARN_BOOL_CONVERSION = YES;
				CLANG_WARN_COMMA = YES;
				CLANG_WARN_CONSTANT_CONVERSION = YES;
				CLANG_WARN_DEPRECATED_OBJC_IMPLEMENTATIONS = YES;
				CLANG_WARN_DIRECT_OBJC_ISA_USAGE = YES_ERROR;
				CLANG_WARN_DOCUMENTATION_COMMENTS = YES;
				CLANG_WARN_EMPTY_BODY = YES;
				CLANG_WARN_ENUM_CONVERSION = YES;
				CLANG_WARN_INFINITE_RECURSION = YES;
				CLANG_WARN_INT_CONVERSION = YES;
				CLANG_WARN_NON_LITERAL_NULL_CONVERSION = YES;
				CLANG_WARN_OBJC_IMPLICIT_RETAIN_SELF = YES;
				CLANG_WARN_OBJC_LITERAL_CONVERSION = YES;
				CLANG_WARN_OBJC_ROOT_CLASS = YES_ERROR;
				CLANG_WARN_QUOTED_INCLUDE_IN_FRAMEWORK_HEADER = YES;
				CLANG_WARN_RANGE_LOOP_ANALYSIS = YES;
				CLANG_WARN_STRICT_PROTOTYPES = YES;
				CLANG_WARN_SUSPICIOUS_MOVE = YES;
				CLANG_WARN_UNGUARDED_AVAILABILITY = YES_AGGRESSIVE;
				CLANG_WARN_UNREACHABLE_CODE = YES;
				CLANG_WARN__DUPLICATE_METHOD_MATCH = YES;
				COPY_PHASE_STRIP = NO;
				DEBUG_INFORMATION_FORMAT = "dwarf-with-dsym";
				ENABLE_NS_ASSERTIONS = NO;
				ENABLE_STRICT_OBJC_MSGSEND = YES;
				GCC_C_LANGUAGE_STANDARD = gnu11;
				GCC_NO_COMMON_BLOCKS = YES;
				GCC_WARN_64_TO_32_BIT_CONVERSION = YES;
				GCC_WARN_ABOUT_RETURN_TYPE = YES_ERROR;
				GCC_WARN_UNDECLARED_SELECTOR = YES;
				GCC_WARN_UNINITIALIZED_AUTOS = YES_AGGRESSIVE;
				GCC_WARN_UNUSED_FUNCTION = YES;
				GCC_WARN_UNUSED_VARIABLE = YES;
				IPHONEOS_DEPLOYMENT_TARGET = 16.0;
				MTL_ENABLE_DEBUG_INFO = NO;
				MTL_FAST_MATH = YES;
				SDKROOT = iphoneos;
				SWIFT_COMPILATION_MODE = wholemodule;
				SWIFT_OPTIMIZATION_LEVEL = "-O";
				VALIDATE_PRODUCT = YES;
			};
			name = Release;
		};
		E79FA97728F25A3A001F8F29 /* Debug */ = {
			isa = XCBuildConfiguration;
			baseConfigurationReference = 36AE0088980924D2AC696C5D /* Pods-instagramApp.debug.xcconfig */;
			buildSettings = {
				ASSETCATALOG_COMPILER_APPICON_NAME = AppIcon;
				ASSETCATALOG_COMPILER_GLOBAL_ACCENT_COLOR_NAME = AccentColor;
				CODE_SIGN_STYLE = Automatic;
				CURRENT_PROJECT_VERSION = 1;
				DEVELOPMENT_TEAM = MDRXZ3NBZC;
				GENERATE_INFOPLIST_FILE = YES;
				INFOPLIST_FILE = instagramApp/Info.plist;
				INFOPLIST_KEY_UIApplicationSupportsIndirectInputEvents = YES;
				INFOPLIST_KEY_UILaunchStoryboardName = LaunchScreen;
				INFOPLIST_KEY_UIMainStoryboardFile = Main;
				INFOPLIST_KEY_UISupportedInterfaceOrientations_iPad = "UIInterfaceOrientationPortrait UIInterfaceOrientationPortraitUpsideDown UIInterfaceOrientationLandscapeLeft UIInterfaceOrientationLandscapeRight";
				INFOPLIST_KEY_UISupportedInterfaceOrientations_iPhone = "UIInterfaceOrientationPortrait UIInterfaceOrientationLandscapeLeft UIInterfaceOrientationLandscapeRight";
				LD_RUNPATH_SEARCH_PATHS = (
					"$(inherited)",
					"@executable_path/Frameworks",
				);
				MARKETING_VERSION = 1.0;
				PRODUCT_BUNDLE_IDENTIFIER = "com.codePath-iosUniversity.instagramApp";
				PRODUCT_NAME = "$(TARGET_NAME)";
				SWIFT_EMIT_LOC_STRINGS = YES;
				SWIFT_VERSION = 5.0;
				TARGETED_DEVICE_FAMILY = "1,2";
			};
			name = Debug;
		};
		E79FA97828F25A3A001F8F29 /* Release */ = {
			isa = XCBuildConfiguration;
			baseConfigurationReference = BDC67DCB57F76B541865B505 /* Pods-instagramApp.release.xcconfig */;
			buildSettings = {
				ASSETCATALOG_COMPILER_APPICON_NAME = AppIcon;
				ASSETCATALOG_COMPILER_GLOBAL_ACCENT_COLOR_NAME = AccentColor;
				CODE_SIGN_STYLE = Automatic;
				CURRENT_PROJECT_VERSION = 1;
				DEVELOPMENT_TEAM = MDRXZ3NBZC;
				GENERATE_INFOPLIST_FILE = YES;
				INFOPLIST_FILE = instagramApp/Info.plist;
				INFOPLIST_KEY_UIApplicationSupportsIndirectInputEvents = YES;
				INFOPLIST_KEY_UILaunchStoryboardName = LaunchScreen;
				INFOPLIST_KEY_UIMainStoryboardFile = Main;
				INFOPLIST_KEY_UISupportedInterfaceOrientations_iPad = "UIInterfaceOrientationPortrait UIInterfaceOrientationPortraitUpsideDown UIInterfaceOrientationLandscapeLeft UIInterfaceOrientationLandscapeRight";
				INFOPLIST_KEY_UISupportedInterfaceOrientations_iPhone = "UIInterfaceOrientationPortrait UIInterfaceOrientationLandscapeLeft UIInterfaceOrientationLandscapeRight";
				LD_RUNPATH_SEARCH_PATHS = (
					"$(inherited)",
					"@executable_path/Frameworks",
				);
				MARKETING_VERSION = 1.0;
				PRODUCT_BUNDLE_IDENTIFIER = "com.codePath-iosUniversity.instagramApp";
				PRODUCT_NAME = "$(TARGET_NAME)";
				SWIFT_EMIT_LOC_STRINGS = YES;
				SWIFT_VERSION = 5.0;
				TARGETED_DEVICE_FAMILY = "1,2";
			};
			name = Release;
		};
		E79FA97A28F25A3A001F8F29 /* Debug */ = {
			isa = XCBuildConfiguration;
			baseConfigurationReference = B69525DFF2C40C7DA3DB0260 /* Pods-instagramAppTests.debug.xcconfig */;
			buildSettings = {
				ALWAYS_EMBED_SWIFT_STANDARD_LIBRARIES = YES;
				BUNDLE_LOADER = "$(TEST_HOST)";
				CODE_SIGN_STYLE = Automatic;
				CURRENT_PROJECT_VERSION = 1;
				DEVELOPMENT_TEAM = MDRXZ3NBZC;
				GENERATE_INFOPLIST_FILE = YES;
				IPHONEOS_DEPLOYMENT_TARGET = 16.0;
				MARKETING_VERSION = 1.0;
				PRODUCT_BUNDLE_IDENTIFIER = "com.codePath-iosUniversity.instagramAppTests";
				PRODUCT_NAME = "$(TARGET_NAME)";
				SWIFT_EMIT_LOC_STRINGS = NO;
				SWIFT_VERSION = 5.0;
				TARGETED_DEVICE_FAMILY = "1,2";
				TEST_HOST = "$(BUILT_PRODUCTS_DIR)/instagramApp.app/$(BUNDLE_EXECUTABLE_FOLDER_PATH)/instagramApp";
			};
			name = Debug;
		};
		E79FA97B28F25A3A001F8F29 /* Release */ = {
			isa = XCBuildConfiguration;
			baseConfigurationReference = C7094C45587AE9F2A0A5FAA3 /* Pods-instagramAppTests.release.xcconfig */;
			buildSettings = {
				ALWAYS_EMBED_SWIFT_STANDARD_LIBRARIES = YES;
				BUNDLE_LOADER = "$(TEST_HOST)";
				CODE_SIGN_STYLE = Automatic;
				CURRENT_PROJECT_VERSION = 1;
				DEVELOPMENT_TEAM = MDRXZ3NBZC;
				GENERATE_INFOPLIST_FILE = YES;
				IPHONEOS_DEPLOYMENT_TARGET = 16.0;
				MARKETING_VERSION = 1.0;
				PRODUCT_BUNDLE_IDENTIFIER = "com.codePath-iosUniversity.instagramAppTests";
				PRODUCT_NAME = "$(TARGET_NAME)";
				SWIFT_EMIT_LOC_STRINGS = NO;
				SWIFT_VERSION = 5.0;
				TARGETED_DEVICE_FAMILY = "1,2";
				TEST_HOST = "$(BUILT_PRODUCTS_DIR)/instagramApp.app/$(BUNDLE_EXECUTABLE_FOLDER_PATH)/instagramApp";
			};
			name = Release;
		};
		E79FA97D28F25A3A001F8F29 /* Debug */ = {
			isa = XCBuildConfiguration;
			baseConfigurationReference = 808FE8EEDB2F1A665457E1B5 /* Pods-instagramApp-instagramAppUITests.debug.xcconfig */;
			buildSettings = {
				ALWAYS_EMBED_SWIFT_STANDARD_LIBRARIES = YES;
				CODE_SIGN_STYLE = Automatic;
				CURRENT_PROJECT_VERSION = 1;
				DEVELOPMENT_TEAM = MDRXZ3NBZC;
				GENERATE_INFOPLIST_FILE = YES;
				MARKETING_VERSION = 1.0;
				PRODUCT_BUNDLE_IDENTIFIER = "com.codePath-iosUniversity.instagramAppUITests";
				PRODUCT_NAME = "$(TARGET_NAME)";
				SWIFT_EMIT_LOC_STRINGS = NO;
				SWIFT_VERSION = 5.0;
				TARGETED_DEVICE_FAMILY = "1,2";
				TEST_TARGET_NAME = instagramApp;
			};
			name = Debug;
		};
		E79FA97E28F25A3A001F8F29 /* Release */ = {
			isa = XCBuildConfiguration;
			baseConfigurationReference = 11C42177032C44E51B6FDB08 /* Pods-instagramApp-instagramAppUITests.release.xcconfig */;
			buildSettings = {
				ALWAYS_EMBED_SWIFT_STANDARD_LIBRARIES = YES;
				CODE_SIGN_STYLE = Automatic;
				CURRENT_PROJECT_VERSION = 1;
				DEVELOPMENT_TEAM = MDRXZ3NBZC;
				GENERATE_INFOPLIST_FILE = YES;
				MARKETING_VERSION = 1.0;
				PRODUCT_BUNDLE_IDENTIFIER = "com.codePath-iosUniversity.instagramAppUITests";
				PRODUCT_NAME = "$(TARGET_NAME)";
				SWIFT_EMIT_LOC_STRINGS = NO;
				SWIFT_VERSION = 5.0;
				TARGETED_DEVICE_FAMILY = "1,2";
				TEST_TARGET_NAME = instagramApp;
			};
			name = Release;
		};
/* End XCBuildConfiguration section */

/* Begin XCConfigurationList section */
		E79FA94728F25A35001F8F29 /* Build configuration list for PBXProject "instagramApp" */ = {
			isa = XCConfigurationList;
			buildConfigurations = (
				E79FA97428F25A3A001F8F29 /* Debug */,
				E79FA97528F25A3A001F8F29 /* Release */,
			);
			defaultConfigurationIsVisible = 0;
			defaultConfigurationName = Release;
		};
		E79FA97628F25A3A001F8F29 /* Build configuration list for PBXNativeTarget "instagramApp" */ = {
			isa = XCConfigurationList;
			buildConfigurations = (
				E79FA97728F25A3A001F8F29 /* Debug */,
				E79FA97828F25A3A001F8F29 /* Release */,
			);
			defaultConfigurationIsVisible = 0;
			defaultConfigurationName = Release;
		};
		E79FA97928F25A3A001F8F29 /* Build configuration list for PBXNativeTarget "instagramAppTests" */ = {
			isa = XCConfigurationList;
			buildConfigurations = (
				E79FA97A28F25A3A001F8F29 /* Debug */,
				E79FA97B28F25A3A001F8F29 /* Release */,
			);
			defaultConfigurationIsVisible = 0;
			defaultConfigurationName = Release;
		};
		E79FA97C28F25A3A001F8F29 /* Build configuration list for PBXNativeTarget "instagramAppUITests" */ = {
			isa = XCConfigurationList;
			buildConfigurations = (
				E79FA97D28F25A3A001F8F29 /* Debug */,
				E79FA97E28F25A3A001F8F29 /* Release */,
			);
			defaultConfigurationIsVisible = 0;
			defaultConfigurationName = Release;
		};
/* End XCConfigurationList section */
	};
	rootObject = E79FA94428F25A35001F8F29 /* Project object */;
}
